
Microsoft Visual Studio Solution File, Format Version 12.00
# Visual Studio 14
VisualStudioVersion = 14.0.25420.1
MinimumVisualStudioVersion = 10.0.40219.1
Project("{E24C65DC-7377-472B-9ABA-BC803B73C61A}") = "WebSite", "WebSite\", "{6483838E-FD09-4812-BB27-A86A7AEEBB01}"
	ProjectSection(WebsiteProperties) = preProject
		TargetFrameworkMoniker = ".NETFramework,Version%3Dv4.5.2"
		Debug.AspNetCompiler.VirtualPath = "/localhost_57420"
		Debug.AspNetCompiler.PhysicalPath = "WebSite\"
		Debug.AspNetCompiler.TargetPath = "PrecompiledWeb\localhost_57420\"
		Debug.AspNetCompiler.Updateable = "true"
		Debug.AspNetCompiler.ForceOverwrite = "true"
		Debug.AspNetCompiler.FixedNames = "false"
		Debug.AspNetCompiler.Debug = "True"
		Release.AspNetCompiler.VirtualPath = "/localhost_57420"
		Release.AspNetCompiler.PhysicalPath = "WebSite\"
		Release.AspNetCompiler.TargetPath = "PrecompiledWeb\localhost_57420\"
		Release.AspNetCompiler.Updateable = "true"
		Release.AspNetCompiler.ForceOverwrite = "true"
		Release.AspNetCompiler.FixedNames = "false"
		Release.AspNetCompiler.Debug = "False"
		VWDPort = "57420"
		SlnRelativePath = "WebSite\"
	EndProjectSection
EndProject
Project("{FAE04EC0-301F-11D3-BF4B-00C04F79EFBC}") = "VillebeausonMake", "VillebeausonMake\VillebeausonMake.csproj", "{C53EE369-F2D5-4292-881C-73961BAECB67}"
EndProject
Project("{2150E333-8FDC-42A3-9474-1A3956D46DE8}") = "Solution Items", "Solution Items", "{AA614EEF-08F6-4C1A-9B6F-0DD3C966F13D}"
	ProjectSection(SolutionItems) = preProject
		README.md = README.md
	EndProjectSection
EndProject
Global
	GlobalSection(SolutionConfigurationPlatforms) = preSolution
		Debug|Any CPU = Debug|Any CPU
		Release|Any CPU = Release|Any CPU
	EndGlobalSection
	GlobalSection(ProjectConfigurationPlatforms) = postSolution
		{6483838E-FD09-4812-BB27-A86A7AEEBB01}.Debug|Any CPU.ActiveCfg = Debug|Any CPU
		{6483838E-FD09-4812-BB27-A86A7AEEBB01}.Debug|Any CPU.Build.0 = Debug|Any CPU
		{6483838E-FD09-4812-BB27-A86A7AEEBB01}.Release|Any CPU.ActiveCfg = Debug|Any CPU
		{6483838E-FD09-4812-BB27-A86A7AEEBB01}.Release|Any CPU.Build.0 = Debug|Any CPU
		{C53EE369-F2D5-4292-881C-73961BAECB67}.Debug|Any CPU.ActiveCfg = Debug|Any CPU
		{C53EE369-F2D5-4292-881C-73961BAECB67}.Debug|Any CPU.Build.0 = Debug|Any CPU
		{C53EE369-F2D5-4292-881C-73961BAECB67}.Release|Any CPU.ActiveCfg = Release|Any CPU
		{C53EE369-F2D5-4292-881C-73961BAECB67}.Release|Any CPU.Build.0 = Release|Any CPU
	EndGlobalSection
	GlobalSection(SolutionProperties) = preSolution
		HideSolutionNode = FALSE
	EndGlobalSection
EndGlobal
